
Microsoft Visual Studio Solution File, Format Version 12.00
# Visual Studio Version 16
VisualStudioVersion = 16.0.29318.209
MinimumVisualStudioVersion = 10.0.40219.1
Project("{FAE04EC0-301F-11D3-BF4B-00C04F79EFBC}") = "Oicrute", "Oicrute\Oicrute.csproj", "{757B7CEF-8D36-4B54-9383-300CFDC3A47E}"
EndProject
Global
	GlobalSection(SolutionConfigurationPlatforms) = preSolution
		Debug|Any CPU = Debug|Any CPU
		Release|Any CPU = Release|Any CPU
	EndGlobalSection
	GlobalSection(ProjectConfigurationPlatforms) = postSolution
		{757B7CEF-8D36-4B54-9383-300CFDC3A47E}.Debug|Any CPU.ActiveCfg = Debug|Any CPU
		{757B7CEF-8D36-4B54-9383-300CFDC3A47E}.Debug|Any CPU.Build.0 = Debug|Any CPU
		{757B7CEF-8D36-4B54-9383-300CFDC3A47E}.Release|Any CPU.ActiveCfg = Release|Any CPU
		{757B7CEF-8D36-4B54-9383-300CFDC3A47E}.Release|Any CPU.Build.0 = Release|Any CPU
	EndGlobalSection
	GlobalSection(SolutionProperties) = preSolution
		HideSolutionNode = FALSE
	EndGlobalSection
	GlobalSection(ExtensibilityGlobals) = postSolution
		SolutionGuid = {F2046A3F-FA2E-4231-88CB-78B7EEABC796}
	EndGlobalSection
EndGlobal
